// !$*UTF8*$!
{
	archiveVersion = 1;
	classes = {
	};
	objectVersion = 50;
	objects = {

/* Begin PBXBuildFile section */
		F5ADBB9B22A240E500596878 /* AppDelegate.swift in Sources */ = {isa = PBXBuildFile; fileRef = F5ADBB9A22A240E500596878 /* AppDelegate.swift */; };
		F5ADBB9D22A240E500596878 /* ViewController.swift in Sources */ = {isa = PBXBuildFile; fileRef = F5ADBB9C22A240E500596878 /* ViewController.swift */; };
		F5ADBBA022A240E500596878 /* Main.storyboard in Resources */ = {isa = PBXBuildFile; fileRef = F5ADBB9E22A240E500596878 /* Main.storyboard */; };
		F5ADBBA222A240E600596878 /* Assets.xcassets in Resources */ = {isa = PBXBuildFile; fileRef = F5ADBBA122A240E600596878 /* Assets.xcassets */; };
		F5ADBBA522A240E600596878 /* LaunchScreen.storyboard in Resources */ = {isa = PBXBuildFile; fileRef = F5ADBBA322A240E600596878 /* LaunchScreen.storyboard */; };
		F5ADBBB022A240E600596878 /* try_xcodegenTests.swift in Sources */ = {isa = PBXBuildFile; fileRef = F5ADBBAF22A240E600596878 /* try_xcodegenTests.swift */; };
/* End PBXBuildFile section */

/* Begin PBXContainerItemProxy section */
		F5ADBBAC22A240E600596878 /* PBXContainerItemProxy */ = {
			isa = PBXContainerItemProxy;
			containerPortal = F5ADBB8F22A240E500596878 /* Project object */;
			proxyType = 1;
			remoteGlobalIDString = F5ADBB9622A240E500596878;
			remoteInfo = try_xcodegen;
		};
/* End PBXContainerItemProxy section */

/* Begin PBXFileReference section */
		F5ADBB9722A240E500596878 /* try_xcodegen.app */ = {isa = PBXFileReference; explicitFileType = wrapper.application; includeInIndex = 0; path = try_xcodegen.app; sourceTree = BUILT_PRODUCTS_DIR; };
		F5ADBB9A22A240E500596878 /* AppDelegate.swift */ = {isa = PBXFileReference; lastKnownFileType = sourcecode.swift; path = AppDelegate.swift; sourceTree = "<group>"; };
		F5ADBB9C22A240E500596878 /* ViewController.swift */ = {isa = PBXFileReference; lastKnownFileType = sourcecode.swift; path = ViewController.swift; sourceTree = "<group>"; };
		F5ADBB9F22A240E500596878 /* Base */ = {isa = PBXFileReference; lastKnownFileType = file.storyboard; name = Base; path = Base.lproj/Main.storyboard; sourceTree = "<group>"; };
		F5ADBBA122A240E600596878 /* Assets.xcassets */ = {isa = PBXFileReference; lastKnownFileType = folder.assetcatalog; path = Assets.xcassets; sourceTree = "<group>"; };
		F5ADBBA422A240E600596878 /* Base */ = {isa = PBXFileReference; lastKnownFileType = file.storyboard; name = Base; path = Base.lproj/LaunchScreen.storyboard; sourceTree = "<group>"; };
		F5ADBBA622A240E600596878 /* Info.plist */ = {isa = PBXFileReference; lastKnownFileType = text.plist.xml; path = Info.plist; sourceTree = "<group>"; };
		F5ADBBAB22A240E600596878 /* try_xcodegenTests.xctest */ = {isa = PBXFileReference; explicitFileType = wrapper.cfbundle; includeInIndex = 0; path = try_xcodegenTests.xctest; sourceTree = BUILT_PRODUCTS_DIR; };
		F5ADBBAF22A240E600596878 /* try_xcodegenTests.swift */ = {isa = PBXFileReference; lastKnownFileType = sourcecode.swift; path = try_xcodegenTests.swift; sourceTree = "<group>"; };
		F5ADBBB122A240E600596878 /* Info.plist */ = {isa = PBXFileReference; lastKnownFileType = text.plist.xml; path = Info.plist; sourceTree = "<group>"; };
		FR_2700AC52E59D9485ABA05DF92D37D9AD /* try_xcodegen.xcconfig */ = {isa = PBXFileReference; explicitFileType = text.xcconfig; lastKnownFileType = text.xcconfig; name = try_xcodegen.xcconfig; path = config/try_xcodegen.xcconfig; sourceTree = "<absolute>"; };
		FR_31B6E4428116B671EB2D985002690E16 /* Base.xcconfig */ = {isa = PBXFileReference; explicitFileType = text.xcconfig; lastKnownFileType = text.xcconfig; name = Base.xcconfig; path = config/Base.xcconfig; sourceTree = "<absolute>"; };
		FR_72F7223794A089A932BCB16E2A8403DA /* try_xcodegen-Release.xcconfig */ = {isa = PBXFileReference; explicitFileType = text.xcconfig; lastKnownFileType = text.xcconfig; name = "try_xcodegen-Release.xcconfig"; path = "config/try_xcodegen-Release.xcconfig"; sourceTree = "<absolute>"; };
		FR_90817B88782D627054836F8E8A12FEDA /* try_xcodegenTests-Release.xcconfig */ = {isa = PBXFileReference; explicitFileType = text.xcconfig; lastKnownFileType = text.xcconfig; name = "try_xcodegenTests-Release.xcconfig"; path = "config/try_xcodegenTests-Release.xcconfig"; sourceTree = "<absolute>"; };
		FR_C4AF1C4FCC58543C7E0F871B5B57E307 /* try_xcodegenTests.xcconfig */ = {isa = PBXFileReference; explicitFileType = text.xcconfig; lastKnownFileType = text.xcconfig; name = try_xcodegenTests.xcconfig; path = config/try_xcodegenTests.xcconfig; sourceTree = "<absolute>"; };
		FR_C810B7A71835E1D51A24992123B73E5E /* try_xcodegen-Debug.xcconfig */ = {isa = PBXFileReference; explicitFileType = text.xcconfig; lastKnownFileType = text.xcconfig; name = "try_xcodegen-Debug.xcconfig"; path = "config/try_xcodegen-Debug.xcconfig"; sourceTree = "<absolute>"; };
		FR_E18D98AAD68C1971877A1B64663E0059 /* try_xcodegenTests-Debug.xcconfig */ = {isa = PBXFileReference; explicitFileType = text.xcconfig; lastKnownFileType = text.xcconfig; name = "try_xcodegenTests-Debug.xcconfig"; path = "config/try_xcodegenTests-Debug.xcconfig"; sourceTree = "<absolute>"; };
		FR_F58DF7ECBF59EDA9A734477993A5FAE3 /* Debug.xcconfig */ = {isa = PBXFileReference; explicitFileType = text.xcconfig; lastKnownFileType = text.xcconfig; name = Debug.xcconfig; path = config/Debug.xcconfig; sourceTree = "<absolute>"; };
		FR_FBAB618A0A3BB0EFBF64453DFE48127E /* Release.xcconfig */ = {isa = PBXFileReference; explicitFileType = text.xcconfig; lastKnownFileType = text.xcconfig; name = Release.xcconfig; path = config/Release.xcconfig; sourceTree = "<absolute>"; };
/* End PBXFileReference section */

/* Begin PBXFrameworksBuildPhase section */
		F5ADBB9422A240E500596878 /* Frameworks */ = {
			isa = PBXFrameworksBuildPhase;
			buildActionMask = 2147483647;
			files = (
			);
			runOnlyForDeploymentPostprocessing = 0;
		};
		F5ADBBA822A240E600596878 /* Frameworks */ = {
			isa = PBXFrameworksBuildPhase;
			buildActionMask = 2147483647;
			files = (
			);
			runOnlyForDeploymentPostprocessing = 0;
		};
/* End PBXFrameworksBuildPhase section */

/* Begin PBXGroup section */
		F5ADBB8E22A240E500596878 = {
			isa = PBXGroup;
			children = (
				F5ADBB9922A240E500596878 /* try_xcodegen */,
				F5ADBBAE22A240E600596878 /* try_xcodegenTests */,
				F5ADBB9822A240E500596878 /* Products */,
				G_E973C4B623C2BC98DB0EC562D2E29185 /* config */,
			);
			sourceTree = "<group>";
		};
		F5ADBB9822A240E500596878 /* Products */ = {
			isa = PBXGroup;
			children = (
				F5ADBB9722A240E500596878 /* try_xcodegen.app */,
				F5ADBBAB22A240E600596878 /* try_xcodegenTests.xctest */,
			);
			name = Products;
			sourceTree = "<group>";
		};
		F5ADBB9922A240E500596878 /* try_xcodegen */ = {
			isa = PBXGroup;
			children = (
				F5ADBB9A22A240E500596878 /* AppDelegate.swift */,
				F5ADBB9C22A240E500596878 /* ViewController.swift */,
				F5ADBB9E22A240E500596878 /* Main.storyboard */,
				F5ADBBA122A240E600596878 /* Assets.xcassets */,
				F5ADBBA322A240E600596878 /* LaunchScreen.storyboard */,
				F5ADBBA622A240E600596878 /* Info.plist */,
			);
			path = try_xcodegen;
			sourceTree = "<group>";
		};
		F5ADBBAE22A240E600596878 /* try_xcodegenTests */ = {
			isa = PBXGroup;
			children = (
				F5ADBBAF22A240E600596878 /* try_xcodegenTests.swift */,
				F5ADBBB122A240E600596878 /* Info.plist */,
			);
			path = try_xcodegenTests;
			sourceTree = "<group>";
		};
		G_E973C4B623C2BC98DB0EC562D2E29185 /* config */ = {
			isa = PBXGroup;
			children = (
				FR_2700AC52E59D9485ABA05DF92D37D9AD /* try_xcodegen.xcconfig */,
				FR_C810B7A71835E1D51A24992123B73E5E /* try_xcodegen-Debug.xcconfig */,
				FR_E18D98AAD68C1971877A1B64663E0059 /* try_xcodegenTests-Debug.xcconfig */,
				FR_90817B88782D627054836F8E8A12FEDA /* try_xcodegenTests-Release.xcconfig */,
				FR_F58DF7ECBF59EDA9A734477993A5FAE3 /* Debug.xcconfig */,
				FR_FBAB618A0A3BB0EFBF64453DFE48127E /* Release.xcconfig */,
				FR_C4AF1C4FCC58543C7E0F871B5B57E307 /* try_xcodegenTests.xcconfig */,
				FR_72F7223794A089A932BCB16E2A8403DA /* try_xcodegen-Release.xcconfig */,
				FR_31B6E4428116B671EB2D985002690E16 /* Base.xcconfig */,
			);
			name = config;
			sourceTree = "<group>";
		};
/* End PBXGroup section */

/* Begin PBXNativeTarget section */
		F5ADBB9622A240E500596878 /* try_xcodegen */ = {
			isa = PBXNativeTarget;
			buildConfigurationList = F5ADBBB422A240E600596878 /* Build configuration list for PBXNativeTarget "try_xcodegen" */;
			buildPhases = (
				F5ADBB9322A240E500596878 /* Sources */,
				F5ADBB9422A240E500596878 /* Frameworks */,
				F5ADBB9522A240E500596878 /* Resources */,
			);
			buildRules = (
			);
			dependencies = (
			);
			name = try_xcodegen;
			productName = try_xcodegen;
			productReference = F5ADBB9722A240E500596878 /* try_xcodegen.app */;
			productType = "com.apple.product-type.application";
		};
		F5ADBBAA22A240E600596878 /* try_xcodegenTests */ = {
			isa = PBXNativeTarget;
			buildConfigurationList = F5ADBBB722A240E600596878 /* Build configuration list for PBXNativeTarget "try_xcodegenTests" */;
			buildPhases = (
				F5ADBBA722A240E600596878 /* Sources */,
				F5ADBBA822A240E600596878 /* Frameworks */,
				F5ADBBA922A240E600596878 /* Resources */,
			);
			buildRules = (
			);
			dependencies = (
				F5ADBBAD22A240E600596878 /* PBXTargetDependency */,
			);
			name = try_xcodegenTests;
			productName = try_xcodegenTests;
			productReference = F5ADBBAB22A240E600596878 /* try_xcodegenTests.xctest */;
			productType = "com.apple.product-type.bundle.unit-test";
		};
/* End PBXNativeTarget section */

/* Begin PBXProject section */
		F5ADBB8F22A240E500596878 /* Project object */ = {
			isa = PBXProject;
			attributes = {
				LastSwiftUpdateCheck = 1020;
				LastUpgradeCheck = 1020;
				ORGANIZATIONNAME = "Tetsuro Mikami";
				TargetAttributes = {
					F5ADBB9622A240E500596878 = {
						CreatedOnToolsVersion = 10.2.1;
					};
					F5ADBBAA22A240E600596878 = {
						CreatedOnToolsVersion = 10.2.1;
						TestTargetID = F5ADBB9622A240E500596878;
					};
				};
			};
			buildConfigurationList = F5ADBB9222A240E500596878 /* Build configuration list for PBXProject "try_xcodegen" */;
			compatibilityVersion = "Xcode 9.3";
			developmentRegion = en;
			hasScannedForEncodings = 0;
			knownRegions = (
				en,
				Base,
			);
			mainGroup = F5ADBB8E22A240E500596878;
			productRefGroup = F5ADBB9822A240E500596878 /* Products */;
			projectDirPath = "";
			projectRoot = "";
			targets = (
				F5ADBB9622A240E500596878 /* try_xcodegen */,
				F5ADBBAA22A240E600596878 /* try_xcodegenTests */,
			);
		};
/* End PBXProject section */

/* Begin PBXResourcesBuildPhase section */
		F5ADBB9522A240E500596878 /* Resources */ = {
			isa = PBXResourcesBuildPhase;
			buildActionMask = 2147483647;
			files = (
				F5ADBBA522A240E600596878 /* LaunchScreen.storyboard in Resources */,
				F5ADBBA222A240E600596878 /* Assets.xcassets in Resources */,
				F5ADBBA022A240E500596878 /* Main.storyboard in Resources */,
			);
			runOnlyForDeploymentPostprocessing = 0;
		};
		F5ADBBA922A240E600596878 /* Resources */ = {
			isa = PBXResourcesBuildPhase;
			buildActionMask = 2147483647;
			files = (
			);
			runOnlyForDeploymentPostprocessing = 0;
		};
/* End PBXResourcesBuildPhase section */

/* Begin PBXSourcesBuildPhase section */
		F5ADBB9322A240E500596878 /* Sources */ = {
			isa = PBXSourcesBuildPhase;
			buildActionMask = 2147483647;
			files = (
				F5ADBB9D22A240E500596878 /* ViewController.swift in Sources */,
				F5ADBB9B22A240E500596878 /* AppDelegate.swift in Sources */,
			);
			runOnlyForDeploymentPostprocessing = 0;
		};
		F5ADBBA722A240E600596878 /* Sources */ = {
			isa = PBXSourcesBuildPhase;
			buildActionMask = 2147483647;
			files = (
				F5ADBBB022A240E600596878 /* try_xcodegenTests.swift in Sources */,
			);
			runOnlyForDeploymentPostprocessing = 0;
		};
/* End PBXSourcesBuildPhase section */

/* Begin PBXTargetDependency section */
		F5ADBBAD22A240E600596878 /* PBXTargetDependency */ = {
			isa = PBXTargetDependency;
			target = F5ADBB9622A240E500596878 /* try_xcodegen */;
			targetProxy = F5ADBBAC22A240E600596878 /* PBXContainerItemProxy */;
		};
/* End PBXTargetDependency section */

/* Begin PBXVariantGroup section */
		F5ADBB9E22A240E500596878 /* Main.storyboard */ = {
			isa = PBXVariantGroup;
			children = (
				F5ADBB9F22A240E500596878 /* Base */,
			);
			name = Main.storyboard;
			sourceTree = "<group>";
		};
		F5ADBBA322A240E600596878 /* LaunchScreen.storyboard */ = {
			isa = PBXVariantGroup;
			children = (
				F5ADBBA422A240E600596878 /* Base */,
			);
			name = LaunchScreen.storyboard;
			sourceTree = "<group>";
		};
/* End PBXVariantGroup section */

/* Begin XCBuildConfiguration section */
		F5ADBBB222A240E600596878 /* Debug */ = {
			isa = XCBuildConfiguration;
			baseConfigurationReference = FR_F58DF7ECBF59EDA9A734477993A5FAE3 /* Debug.xcconfig */;
			buildSettings = {
			};
			name = Debug;
		};
		F5ADBBB322A240E600596878 /* Release */ = {
			isa = XCBuildConfiguration;
			baseConfigurationReference = FR_FBAB618A0A3BB0EFBF64453DFE48127E /* Release.xcconfig */;
			buildSettings = {
			};
			name = Release;
		};
		F5ADBBB522A240E600596878 /* Debug */ = {
			isa = XCBuildConfiguration;
			baseConfigurationReference = FR_C810B7A71835E1D51A24992123B73E5E /* try_xcodegen-Debug.xcconfig */;
			buildSettings = {
			};
			name = Debug;
		};
		F5ADBBB622A240E600596878 /* Release */ = {
			isa = XCBuildConfiguration;
			baseConfigurationReference = FR_72F7223794A089A932BCB16E2A8403DA /* try_xcodegen-Release.xcconfig */;
			buildSettings = {
			};
			name = Release;
		};
		F5ADBBB822A240E600596878 /* Debug */ = {
			isa = XCBuildConfiguration;
			baseConfigurationReference = FR_E18D98AAD68C1971877A1B64663E0059 /* try_xcodegenTests-Debug.xcconfig */;
			buildSettings = {
			};
			name = Debug;
		};
		F5ADBBB922A240E600596878 /* Release */ = {
			isa = XCBuildConfiguration;
			baseConfigurationReference = FR_90817B88782D627054836F8E8A12FEDA /* try_xcodegenTests-Release.xcconfig */;
			buildSettings = {
			};
			name = Release;
		};
/* End XCBuildConfiguration section */

/* Begin XCConfigurationList section */
		F5ADBB9222A240E500596878 /* Build configuration list for PBXProject "try_xcodegen" */ = {
			isa = XCConfigurationList;
			buildConfigurations = (
				F5ADBBB222A240E600596878 /* Debug */,
				F5ADBBB322A240E600596878 /* Release */,
			);
			defaultConfigurationIsVisible = 0;
			defaultConfigurationName = Release;
		};
		F5ADBBB422A240E600596878 /* Build configuration list for PBXNativeTarget "try_xcodegen" */ = {
			isa = XCConfigurationList;
			buildConfigurations = (
				F5ADBBB522A240E600596878 /* Debug */,
				F5ADBBB622A240E600596878 /* Release */,
			);
			defaultConfigurationIsVisible = 0;
			defaultConfigurationName = Release;
		};
		F5ADBBB722A240E600596878 /* Build configuration list for PBXNativeTarget "try_xcodegenTests" */ = {
			isa = XCConfigurationList;
			buildConfigurations = (
				F5ADBBB822A240E600596878 /* Debug */,
				F5ADBBB922A240E600596878 /* Release */,
			);
			defaultConfigurationIsVisible = 0;
			defaultConfigurationName = Release;
		};
/* End XCConfigurationList section */
	};
	rootObject = F5ADBB8F22A240E500596878 /* Project object */;
}
