// !$*UTF8*$!
{
	archiveVersion = 1;
	classes = {
	};
	objectVersion = 50;
	objects = {

/* Begin PBXBuildFile section */
		F5ADBB9B22A240E500596878 /* AppDelegate.swift in Sources */ = {isa = PBXBuildFile; fileRef = F5ADBB9A22A240E500596878 /* AppDelegate.swift */; };
		F5ADBB9D22A240E500596878 /* ViewController.swift in Sources */ = {isa = PBXBuildFile; fileRef = F5ADBB9C22A240E500596878 /* ViewController.swift */; };
		F5ADBBA022A240E500596878 /* Main.storyboard in Resources */ = {isa = PBXBuildFile; fileRef = F5ADBB9E22A240E500596878 /* Main.storyboard */; };
		F5ADBBA222A240E600596878 /* Assets.xcassets in Resources */ = {isa = PBXBuildFile; fileRef = F5ADBBA122A240E600596878 /* Assets.xcassets */; };
		F5ADBBA522A240E600596878 /* LaunchScreen.storyboard in Resources */ = {isa = PBXBuildFile; fileRef = F5ADBBA322A240E600596878 /* LaunchScreen.storyboard */; };
		F5ADBBB022A240E600596878 /* try_xcodegenTests.swift in Sources */ = {isa = PBXBuildFile; fileRef = F5ADBBAF22A240E600596878 /* try_xcodegenTests.swift */; };
/* End PBXBuildFile section */

/* Begin PBXContainerItemProxy section */
		F5ADBBAC22A240E600596878 /* PBXContainerItemProxy */ = {
			isa = PBXContainerItemProxy;
			containerPortal = F5ADBB8F22A240E500596878 /* Project object */;
			proxyType = 1;
			remoteGlobalIDString = F5ADBB9622A240E500596878;
			remoteInfo = try_xcodegen;
		};
/* End PBXContainerItemProxy section */

/* Begin PBXFileReference section */
		F5ADBB9722A240E500596878 /* try_xcodegen.app */ = {isa = PBXFileReference; explicitFileType = wrapper.application; includeInIndex = 0; path = try_xcodegen.app; sourceTree = BUILT_PRODUCTS_DIR; };
		F5ADBB9A22A240E500596878 /* AppDelegate.swift */ = {isa = PBXFileReference; lastKnownFileType = sourcecode.swift; path = AppDelegate.swift; sourceTree = "<group>"; };
		F5ADBB9C22A240E500596878 /* ViewController.swift */ = {isa = PBXFileReference; lastKnownFileType = sourcecode.swift; path = ViewController.swift; sourceTree = "<group>"; };
		F5ADBB9F22A240E500596878 /* Base */ = {isa = PBXFileReference; lastKnownFileType = file.storyboard; name = Base; path = Base.lproj/Main.storyboard; sourceTree = "<group>"; };
		F5ADBBA122A240E600596878 /* Assets.xcassets */ = {isa = PBXFileReference; lastKnownFileType = folder.assetcatalog; path = Assets.xcassets; sourceTree = "<group>"; };
		F5ADBBA422A240E600596878 /* Base */ = {isa = PBXFileReference; lastKnownFileType = file.storyboard; name = Base; path = Base.lproj/LaunchScreen.storyboard; sourceTree = "<group>"; };
		F5ADBBA622A240E600596878 /* Info.plist */ = {isa = PBXFileReference; lastKnownFileType = text.plist.xml; path = Info.plist; sourceTree = "<group>"; };
		F5ADBBAB22A240E600596878 /* try_xcodegenTests.xctest */ = {isa = PBXFileReference; explicitFileType = wrapper.cfbundle; includeInIndex = 0; path = try_xcodegenTests.xctest; sourceTree = BUILT_PRODUCTS_DIR; };
		F5ADBBAF22A240E600596878 /* try_xcodegenTests.swift */ = {isa = PBXFileReference; lastKnownFileType = sourcecode.swift; path = try_xcodegenTests.swift; sourceTree = "<group>"; };
		F5ADBBB122A240E600596878 /* Info.plist */ = {isa = PBXFileReference; lastKnownFileType = text.plist.xml; path = Info.plist; sourceTree = "<group>"; };
/* End PBXFileReference section */

/* Begin PBXFrameworksBuildPhase section */
		F5ADBB9422A240E500596878 /* Frameworks */ = {
			isa = PBXFrameworksBuildPhase;
			buildActionMask = 2147483647;
			files = (
			);
			runOnlyForDeploymentPostprocessing = 0;
		};
		F5ADBBA822A240E600596878 /* Frameworks */ = {
			isa = PBXFrameworksBuildPhase;
			buildActionMask = 2147483647;
			files = (
			);
			runOnlyForDeploymentPostprocessing = 0;
		};
/* End PBXFrameworksBuildPhase section */

/* Begin PBXGroup section */
		F5ADBB8E22A240E500596878 = {
			isa = PBXGroup;
			children = (
				F5ADBB9922A240E500596878 /* try_xcodegen */,
				F5ADBBAE22A240E600596878 /* try_xcodegenTests */,
				F5ADBB9822A240E500596878 /* Products */,
			);
			sourceTree = "<group>";
		};
		F5ADBB9822A240E500596878 /* Products */ = {
			isa = PBXGroup;
			children = (
				F5ADBB9722A240E500596878 /* try_xcodegen.app */,
				F5ADBBAB22A240E600596878 /* try_xcodegenTests.xctest */,
			);
			name = Products;
			sourceTree = "<group>";
		};
		F5ADBB9922A240E500596878 /* try_xcodegen */ = {
			isa = PBXGroup;
			children = (
				F5ADBB9A22A240E500596878 /* AppDelegate.swift */,
				F5ADBB9C22A240E500596878 /* ViewController.swift */,
				F5ADBB9E22A240E500596878 /* Main.storyboard */,
				F5ADBBA122A240E600596878 /* Assets.xcassets */,
				F5ADBBA322A240E600596878 /* LaunchScreen.storyboard */,
				F5ADBBA622A240E600596878 /* Info.plist */,
			);
			path = try_xcodegen;
			sourceTree = "<group>";
		};
		F5ADBBAE22A240E600596878 /* try_xcodegenTests */ = {
			isa = PBXGroup;
			children = (
				F5ADBBAF22A240E600596878 /* try_xcodegenTests.swift */,
				F5ADBBB122A240E600596878 /* Info.plist */,
			);
			path = try_xcodegenTests;
			sourceTree = "<group>";
		};
/* End PBXGroup section */

/* Begin PBXNativeTarget section */
		F5ADBB9622A240E500596878 /* try_xcodegen */ = {
			isa = PBXNativeTarget;
			buildConfigurationList = F5ADBBB422A240E600596878 /* Build configuration list for PBXNativeTarget "try_xcodegen" */;
			buildPhases = (
				F5ADBB9322A240E500596878 /* Sources */,
				F5ADBB9422A240E500596878 /* Frameworks */,
				F5ADBB9522A240E500596878 /* Resources */,
			);
			buildRules = (
			);
			dependencies = (
			);
			name = try_xcodegen;
			productName = try_xcodegen;
			productReference = F5ADBB9722A240E500596878 /* try_xcodegen.app */;
			productType = "com.apple.product-type.application";
		};
		F5ADBBAA22A240E600596878 /* try_xcodegenTests */ = {
			isa = PBXNativeTarget;
			buildConfigurationList = F5ADBBB722A240E600596878 /* Build configuration list for PBXNativeTarget "try_xcodegenTests" */;
			buildPhases = (
				F5ADBBA722A240E600596878 /* Sources */,
				F5ADBBA822A240E600596878 /* Frameworks */,
				F5ADBBA922A240E600596878 /* Resources */,
			);
			buildRules = (
			);
			dependencies = (
				F5ADBBAD22A240E600596878 /* PBXTargetDependency */,
			);
			name = try_xcodegenTests;
			productName = try_xcodegenTests;
			productReference = F5ADBBAB22A240E600596878 /* try_xcodegenTests.xctest */;
			productType = "com.apple.product-type.bundle.unit-test";
		};
/* End PBXNativeTarget section */

/* Begin PBXProject section */
		F5ADBB8F22A240E500596878 /* Project object */ = {
			isa = PBXProject;
			attributes = {
				LastSwiftUpdateCheck = 1020;
				LastUpgradeCheck = 1020;
				ORGANIZATIONNAME = "Tetsuro Mikami";
				TargetAttributes = {
					F5ADBB9622A240E500596878 = {
						CreatedOnToolsVersion = 10.2.1;
					};
					F5ADBBAA22A240E600596878 = {
						CreatedOnToolsVersion = 10.2.1;
						TestTargetID = F5ADBB9622A240E500596878;
					};
				};
			};
			buildConfigurationList = F5ADBB9222A240E500596878 /* Build configuration list for PBXProject "try_xcodegen" */;
			compatibilityVersion = "Xcode 9.3";
			developmentRegion = en;
			hasScannedForEncodings = 0;
			knownRegions = (
				en,
				Base,
			);
			mainGroup = F5ADBB8E22A240E500596878;
			productRefGroup = F5ADBB9822A240E500596878 /* Products */;
			projectDirPath = "";
			projectRoot = "";
			targets = (
				F5ADBB9622A240E500596878 /* try_xcodegen */,
				F5ADBBAA22A240E600596878 /* try_xcodegenTests */,
			);
		};
/* End PBXProject section */

/* Begin PBXResourcesBuildPhase section */
		F5ADBB9522A240E500596878 /* Resources */ = {
			isa = PBXResourcesBuildPhase;
			buildActionMask = 2147483647;
			files = (
				F5ADBBA522A240E600596878 /* LaunchScreen.storyboard in Resources */,
				F5ADBBA222A240E600596878 /* Assets.xcassets in Resources */,
				F5ADBBA022A240E500596878 /* Main.storyboard in Resources */,
			);
			runOnlyForDeploymentPostprocessing = 0;
		};
		F5ADBBA922A240E600596878 /* Resources */ = {
			isa = PBXResourcesBuildPhase;
			buildActionMask = 2147483647;
			files = (
			);
			runOnlyForDeploymentPostprocessing = 0;
		};
/* End PBXResourcesBuildPhase section */

/* Begin PBXSourcesBuildPhase section */
		F5ADBB9322A240E500596878 /* Sources */ = {
			isa = PBXSourcesBuildPhase;
			buildActionMask = 2147483647;
			files = (
				F5ADBB9D22A240E500596878 /* ViewController.swift in Sources */,
				F5ADBB9B22A240E500596878 /* AppDelegate.swift in Sources */,
			);
			runOnlyForDeploymentPostprocessing = 0;
		};
		F5ADBBA722A240E600596878 /* Sources */ = {
			isa = PBXSourcesBuildPhase;
			buildActionMask = 2147483647;
			files = (
				F5ADBBB022A240E600596878 /* try_xcodegenTests.swift in Sources */,
			);
			runOnlyForDeploymentPostprocessing = 0;
		};
/* End PBXSourcesBuildPhase section */

/* Begin PBXTargetDependency section */
		F5ADBBAD22A240E600596878 /* PBXTargetDependency */ = {
			isa = PBXTargetDependency;
			target = F5ADBB9622A240E500596878 /* try_xcodegen */;
			targetProxy = F5ADBBAC22A240E600596878 /* PBXContainerItemProxy */;
		};
/* End PBXTargetDependency section */

/* Begin PBXVariantGroup section */
		F5ADBB9E22A240E500596878 /* Main.storyboard */ = {
			isa = PBXVariantGroup;
			children = (
				F5ADBB9F22A240E500596878 /* Base */,
			);
			name = Main.storyboard;
			sourceTree = "<group>";
		};
		F5ADBBA322A240E600596878 /* LaunchScreen.storyboard */ = {
			isa = PBXVariantGroup;
			children = (
				F5ADBBA422A240E600596878 /* Base */,
			);
			name = LaunchScreen.storyboard;
			sourceTree = "<group>";
		};
/* End PBXVariantGroup section */

/* Begin XCBuildConfiguration section */
		F5ADBBB222A240E600596878 /* Debug */ = {
			isa = XCBuildConfiguration;
			buildSettings = {
				ALWAYS_SEARCH_USER_PATHS = NO;
				CLANG_ANALYZER_NONNULL = YES;
				CLANG_ANALYZER_NUMBER_OBJECT_CONVERSION = YES_AGGRESSIVE;
				CLANG_CXX_LANGUAGE_STANDARD = "gnu++14";
				CLANG_CXX_LIBRARY = "libc++";
				CLANG_ENABLE_MODULES = YES;
				CLANG_ENABLE_OBJC_ARC = YES;
				CLANG_ENABLE_OBJC_WEAK = YES;
				CLANG_WARN_BLOCK_CAPTURE_AUTORELEASING = YES;
				CLANG_WARN_BOOL_CONVERSION = YES;
				CLANG_WARN_COMMA = YES;
				CLANG_WARN_CONSTANT_CONVERSION = YES;
				CLANG_WARN_DEPRECATED_OBJC_IMPLEMENTATIONS = YES;
				CLANG_WARN_DIRECT_OBJC_ISA_USAGE = YES_ERROR;
				CLANG_WARN_DOCUMENTATION_COMMENTS = YES;
				CLANG_WARN_EMPTY_BODY = YES;
				CLANG_WARN_ENUM_CONVERSION = YES;
				CLANG_WARN_INFINITE_RECURSION = YES;
				CLANG_WARN_INT_CONVERSION = YES;
				CLANG_WARN_NON_LITERAL_NULL_CONVERSION = YES;
				CLANG_WARN_OBJC_IMPLICIT_RETAIN_SELF = YES;
				CLANG_WARN_OBJC_LITERAL_CONVERSION = YES;
				CLANG_WARN_OBJC_ROOT_CLASS = YES_ERROR;
				CLANG_WARN_RANGE_LOOP_ANALYSIS = YES;
				CLANG_WARN_STRICT_PROTOTYPES = YES;
				CLANG_WARN_SUSPICIOUS_MOVE = YES;
				CLANG_WARN_UNGUARDED_AVAILABILITY = YES_AGGRESSIVE;
				CLANG_WARN_UNREACHABLE_CODE = YES;
				CLANG_WARN__DUPLICATE_METHOD_MATCH = YES;
				CODE_SIGN_IDENTITY = "iPhone Developer";
				COPY_PHASE_STRIP = NO;
				DEBUG_INFORMATION_FORMAT = dwarf;
				ENABLE_STRICT_OBJC_MSGSEND = YES;
				ENABLE_TESTABILITY = YES;
				GCC_C_LANGUAGE_STANDARD = gnu11;
				GCC_DYNAMIC_NO_PIC = NO;
				GCC_NO_COMMON_BLOCKS = YES;
				GCC_OPTIMIZATION_LEVEL = 0;
				GCC_PREPROCESSOR_DEFINITIONS = (
					"DEBUG=1",
					"$(inherited)",
				);
				GCC_WARN_64_TO_32_BIT_CONVERSION = YES;
				GCC_WARN_ABOUT_RETURN_TYPE = YES_ERROR;
				GCC_WARN_UNDECLARED_SELECTOR = YES;
				GCC_WARN_UNINITIALIZED_AUTOS = YES_AGGRESSIVE;
				GCC_WARN_UNUSED_FUNCTION = YES;
				GCC_WARN_UNUSED_VARIABLE = YES;
				IPHONEOS_DEPLOYMENT_TARGET = 12.2;
				MTL_ENABLE_DEBUG_INFO = INCLUDE_SOURCE;
				MTL_FAST_MATH = YES;
				ONLY_ACTIVE_ARCH = YES;
				SDKROOT = iphoneos;
				SWIFT_ACTIVE_COMPILATION_CONDITIONS = DEBUG;
				SWIFT_OPTIMIZATION_LEVEL = "-Onone";
			};
			name = Debug;
		};
		F5ADBBB322A240E600596878 /* Release */ = {
			isa = XCBuildConfiguration;
			buildSettings = {
				ALWAYS_SEARCH_USER_PATHS = NO;
				CLANG_ANALYZER_NONNULL = YES;
				CLANG_ANALYZER_NUMBER_OBJECT_CONVERSION = YES_AGGRESSIVE;
				CLANG_CXX_LANGUAGE_STANDARD = "gnu++14";
				CLANG_CXX_LIBRARY = "libc++";
				CLANG_ENABLE_MODULES = YES;
				CLANG_ENABLE_OBJC_ARC = YES;
				CLANG_ENABLE_OBJC_WEAK = YES;
				CLANG_WARN_BLOCK_CAPTURE_AUTORELEASING = YES;
				CLANG_WARN_BOOL_CONVERSION = YES;
				CLANG_WARN_COMMA = YES;
				CLANG_WARN_CONSTANT_CONVERSION = YES;
				CLANG_WARN_DEPRECATED_OBJC_IMPLEMENTATIONS = YES;
				CLANG_WARN_DIRECT_OBJC_ISA_USAGE = YES_ERROR;
				CLANG_WARN_DOCUMENTATION_COMMENTS = YES;
				CLANG_WARN_EMPTY_BODY = YES;
				CLANG_WARN_ENUM_CONVERSION = YES;
				CLANG_WARN_INFINITE_RECURSION = YES;
				CLANG_WARN_INT_CONVERSION = YES;
				CLANG_WARN_NON_LITERAL_NULL_CONVERSION = YES;
				CLANG_WARN_OBJC_IMPLICIT_RETAIN_SELF = YES;
				CLANG_WARN_OBJC_LITERAL_CONVERSION = YES;
				CLANG_WARN_OBJC_ROOT_CLASS = YES_ERROR;
				CLANG_WARN_RANGE_LOOP_ANALYSIS = YES;
				CLANG_WARN_STRICT_PROTOTYPES = YES;
				CLANG_WARN_SUSPICIOUS_MOVE = YES;
				CLANG_WARN_UNGUARDED_AVAILABILITY = YES_AGGRESSIVE;
				CLANG_WARN_UNREACHABLE_CODE = YES;
				CLANG_WARN__DUPLICATE_METHOD_MATCH = YES;
				CODE_SIGN_IDENTITY = "iPhone Developer";
				COPY_PHASE_STRIP = NO;
				DEBUG_INFORMATION_FORMAT = "dwarf-with-dsym";
				ENABLE_NS_ASSERTIONS = NO;
				ENABLE_STRICT_OBJC_MSGSEND = YES;
				GCC_C_LANGUAGE_STANDARD = gnu11;
				GCC_NO_COMMON_BLOCKS = YES;
				GCC_WARN_64_TO_32_BIT_CONVERSION = YES;
				GCC_WARN_ABOUT_RETURN_TYPE = YES_ERROR;
				GCC_WARN_UNDECLARED_SELECTOR = YES;
				GCC_WARN_UNINITIALIZED_AUTOS = YES_AGGRESSIVE;
				GCC_WARN_UNUSED_FUNCTION = YES;
				GCC_WARN_UNUSED_VARIABLE = YES;
				IPHONEOS_DEPLOYMENT_TARGET = 12.2;
				MTL_ENABLE_DEBUG_INFO = NO;
				MTL_FAST_MATH = YES;
				SDKROOT = iphoneos;
				SWIFT_COMPILATION_MODE = wholemodule;
				SWIFT_OPTIMIZATION_LEVEL = "-O";
				VALIDATE_PRODUCT = YES;
			};
			name = Release;
		};
		F5ADBBB522A240E600596878 /* Debug */ = {
			isa = XCBuildConfiguration;
			buildSettings = {
				ASSETCATALOG_COMPILER_APPICON_NAME = AppIcon;
				CODE_SIGN_STYLE = Automatic;
				DEVELOPMENT_TEAM = AZ28EH9G9N;
				INFOPLIST_FILE = try_xcodegen/Info.plist;
				LD_RUNPATH_SEARCH_PATHS = (
					"$(inherited)",
					"@executable_path/Frameworks",
				);
				PRODUCT_BUNDLE_IDENTIFIER = "com.mickamy.try-xcodegen";
				PRODUCT_NAME = "$(TARGET_NAME)";
				SWIFT_VERSION = 5.0;
				TARGETED_DEVICE_FAMILY = "1,2";
			};
			name = Debug;
		};
		F5ADBBB622A240E600596878 /* Release */ = {
			isa = XCBuildConfiguration;
			buildSettings = {
				ASSETCATALOG_COMPILER_APPICON_NAME = AppIcon;
				CODE_SIGN_STYLE = Automatic;
				DEVELOPMENT_TEAM = AZ28EH9G9N;
				INFOPLIST_FILE = try_xcodegen/Info.plist;
				LD_RUNPATH_SEARCH_PATHS = (
					"$(inherited)",
					"@executable_path/Frameworks",
				);
				PRODUCT_BUNDLE_IDENTIFIER = "com.mickamy.try-xcodegen";
				PRODUCT_NAME = "$(TARGET_NAME)";
				SWIFT_VERSION = 5.0;
				TARGETED_DEVICE_FAMILY = "1,2";
			};
			name = Release;
		};
		F5ADBBB822A240E600596878 /* Debug */ = {
			isa = XCBuildConfiguration;
			buildSettings = {
				ALWAYS_EMBED_SWIFT_STANDARD_LIBRARIES = YES;
				BUNDLE_LOADER = "$(TEST_HOST)";
				CODE_SIGN_STYLE = Automatic;
				DEVELOPMENT_TEAM = AZ28EH9G9N;
				INFOPLIST_FILE = try_xcodegenTests/Info.plist;
				LD_RUNPATH_SEARCH_PATHS = (
					"$(inherited)",
					"@executable_path/Frameworks",
					"@loader_path/Frameworks",
				);
				PRODUCT_BUNDLE_IDENTIFIER = "com.mickamy.try-xcodegenTests";
				PRODUCT_NAME = "$(TARGET_NAME)";
				SWIFT_VERSION = 5.0;
				TARGETED_DEVICE_FAMILY = "1,2";
				TEST_HOST = "$(BUILT_PRODUCTS_DIR)/try_xcodegen.app/try_xcodegen";
			};
			name = Debug;
		};
		F5ADBBB922A240E600596878 /* Release */ = {
			isa = XCBuildConfiguration;
			buildSettings = {
				ALWAYS_EMBED_SWIFT_STANDARD_LIBRARIES = YES;
				BUNDLE_LOADER = "$(TEST_HOST)";
				CODE_SIGN_STYLE = Automatic;
				DEVELOPMENT_TEAM = AZ28EH9G9N;
				INFOPLIST_FILE = try_xcodegenTests/Info.plist;
				LD_RUNPATH_SEARCH_PATHS = (
					"$(inherited)",
					"@executable_path/Frameworks",
					"@loader_path/Frameworks",
				);
				PRODUCT_BUNDLE_IDENTIFIER = "com.mickamy.try-xcodegenTests";
				PRODUCT_NAME = "$(TARGET_NAME)";
				SWIFT_VERSION = 5.0;
				TARGETED_DEVICE_FAMILY = "1,2";
				TEST_HOST = "$(BUILT_PRODUCTS_DIR)/try_xcodegen.app/try_xcodegen";
			};
			name = Release;
		};
/* End XCBuildConfiguration section */

/* Begin XCConfigurationList section */
		F5ADBB9222A240E500596878 /* Build configuration list for PBXProject "try_xcodegen" */ = {
			isa = XCConfigurationList;
			buildConfigurations = (
				F5ADBBB222A240E600596878 /* Debug */,
				F5ADBBB322A240E600596878 /* Release */,
			);
			defaultConfigurationIsVisible = 0;
			defaultConfigurationName = Release;
		};
		F5ADBBB422A240E600596878 /* Build configuration list for PBXNativeTarget "try_xcodegen" */ = {
			isa = XCConfigurationList;
			buildConfigurations = (
				F5ADBBB522A240E600596878 /* Debug */,
				F5ADBBB622A240E600596878 /* Release */,
			);
			defaultConfigurationIsVisible = 0;
			defaultConfigurationName = Release;
		};
		F5ADBBB722A240E600596878 /* Build configuration list for PBXNativeTarget "try_xcodegenTests" */ = {
			isa = XCConfigurationList;
			buildConfigurations = (
				F5ADBBB822A240E600596878 /* Debug */,
				F5ADBBB922A240E600596878 /* Release */,
			);
			defaultConfigurationIsVisible = 0;
			defaultConfigurationName = Release;
		};
/* End XCConfigurationList section */
	};
	rootObject = F5ADBB8F22A240E500596878 /* Project object */;
}
